{
  "name": "awang343",
  "lockfileVersion": 3,
  "requires": true,
  "packages": {
    "": {
      "devDependencies": {
        "git-scripts": "^0.6.4",
        "surge": "^0.0.0"
      }
    },
    "node_modules/commander": {
      "version": "2.6.0",
      "resolved": "https://registry.npmjs.org/commander/-/commander-2.6.0.tgz",
      "integrity": "sha512-PhbTMT+ilDXZKqH8xbvuUY2ZEQNef0Q7DKxgoEKb4ccytsdvVVJmYqR0sGbi96nxU6oGrwEIQnclpK2NBZuQlg==",
      "dev": true,
      "license": "MIT",
      "engines": {
        "node": ">= 0.6.x"
      }
    },
    "node_modules/git-scripts": {
      "version": "0.6.4",
      "resolved": "https://registry.npmjs.org/git-scripts/-/git-scripts-0.6.4.tgz",
      "integrity": "sha512-WON2sCnnmqs01crLErDZFTBvKoy4vojRUrJnXOx6mAbSNAinU1eKvAmFlsNtZNv0VArbYMFX2y+wXaWEaHohdg==",
      "dev": true,
      "hasInstallScript": true,
      "license": "MIT",
      "dependencies": {
        "commander": "2.6.0"
      },
      "bin": {
        "git-scripts": "bin/git-scripts"
      }
    },
    "node_modules/surge": {
      "version": "0.0.0",
      "resolved": "https://registry.npmjs.org/surge/-/surge-0.0.0.tgz",
      "integrity": "sha512-MQbUCL3IDEtQhK6MsedEwghPQh3nHTwWYWNqQx9r5bxTlpqWBPNnvVXlJRot6F4/glveAPK8Jpk+Uvneepro4Q==",
      "dev": true,
      "license": "ISC"
    }
  }
}
